
Microsoft Visual Studio Solution File, Format Version 12.00
# Visual Studio Version 17
VisualStudioVersion = 17.13.35931.197 d17.13
MinimumVisualStudioVersion = 10.0.40219.1
Project("{FAE04EC0-301F-11D3-BF4B-00C04F79EFBC}") = "linesAspNet", "linesAspNet.csproj", "{D5F00F64-0C0D-406E-A923-732A3EA41FF1}"
EndProject
Global
	GlobalSection(SolutionConfigurationPlatforms) = preSolution
		Debug|Any CPU = Debug|Any CPU
		Release|Any CPU = Release|Any CPU
	EndGlobalSection
	GlobalSection(ProjectConfigurationPlatforms) = postSolution
		{D5F00F64-0C0D-406E-A923-732A3EA41FF1}.Debug|Any CPU.ActiveCfg = Debug|Any CPU
		{D5F00F64-0C0D-406E-A923-732A3EA41FF1}.Debug|Any CPU.Build.0 = Debug|Any CPU
		{D5F00F64-0C0D-406E-A923-732A3EA41FF1}.Release|Any CPU.ActiveCfg = Release|Any CPU
		{D5F00F64-0C0D-406E-A923-732A3EA41FF1}.Release|Any CPU.Build.0 = Release|Any CPU
	EndGlobalSection
	GlobalSection(SolutionProperties) = preSolution
		HideSolutionNode = FALSE
	EndGlobalSection
	GlobalSection(ExtensibilityGlobals) = postSolution
		SolutionGuid = {342A0703-8FD4-4964-B80D-BF52F2DF6B99}
	EndGlobalSection
EndGlobal
